{
  "lockfileVersion": 1,
  "configVersion": 1,
  "workspaces": {
    "": {
      "dependencies": {
        "@fontsource/montserrat": "^5.2.8",
        "@fontsource/ubuntu-mono": "^5.2.8",
        "@fortawesome/fontawesome-free": "^7.2.0",
        "alpinejs": "^3.15.12",
        "highlight.js": "^11.11.1",
        "htmx.org": "^2.0.10",
        "material-icons": "^1.13.14",
        "materialize-css": "^1.0.0",
      },
    },
  },
  "packages": {
    "@fontsource/montserrat": ["@fontsource/montserrat@5.2.8", "", {}, "sha512-xTjLxSbSfCycDB0pwmNsfNvdfWPaDaRQ2LC6yt/ZI7SdvXG52zHnzNYC/09mzuAuWNJyShkteutfCoDgym56hQ=="],

    "@fontsource/ubuntu-mono": ["@fontsource/ubuntu-mono@5.2.8", "", {}, "sha512-N4nT8+GYWWcDODVSBLU4f3PycZQH9YIF6SypDI0rti3HrLqcXFS9u6wMvAd9vx1FmjAQkYv7Ld9CZ8XYTEOD0A=="],

    "@fortawesome/fontawesome-free": ["@fortawesome/fontawesome-free@7.2.0", "", {}, "sha512-3DguDv/oUE+7vjMeTSOjCSG+KeawgVQOHrKRnvUuqYh1mfArrh7s+s8hXW3e4RerBA1+Wh+hBqf8sJNpqNrBWg=="],

    "@vue/reactivity": ["@vue/reactivity@3.1.5", "", { "dependencies": { "@vue/shared": "3.1.5" } }, "sha512-1tdfLmNjWG6t/CsPldh+foumYFo3cpyCHgBYQ34ylaMsJ+SNHQ1kApMIa8jN+i593zQuaw3AdWH0nJTARzCFhg=="],

    "@vue/shared": ["@vue/shared@3.1.5", "", {}, "sha512-oJ4F3TnvpXaQwZJNF3ZK+kLPHKarDmJjJ6jyzVNDKH9md1dptjC7lWR//jrGuLdek/U6iltWxqAnYOu8gCiOvA=="],

    "alpinejs": ["alpinejs@3.15.12", "", { "dependencies": { "@vue/reactivity": "~3.1.1" } }, "sha512-nJvPAQVNPdZZ0NrExJ/kzQco3ijR8LwvCOadQecllESiqT4NyZ/57sN9V2XyvhlBGAbmlKYgeWZvYdKq99ij/Q=="],

    "highlight.js": ["highlight.js@11.11.1", "", {}, "sha512-Xwwo44whKBVCYoliBQwaPvtd/2tYFkRQtXDWj1nackaV2JPXx3L0+Jvd8/qCJ2p+ML0/XVkJ2q+Mr+UVdpJK5w=="],

    "htmx.org": ["htmx.org@2.0.10", "", {}, "sha512-kdeJe7ZVwaS6QMz/ebBIVtZdpwen6L0OQ5GOhPV9MKBb196TCZeZu4yA7ZIQsaLKv7EpXz+So7KSXNuHXhj7Cw=="],

    "material-icons": ["material-icons@1.13.14", "", {}, "sha512-kZOfc7xCC0rAT8Q3DQixYAeT+tBqZnxkseQtp2bxBxz7q5pMAC+wmit7vJn1g/l7wRU+HEPq23gER4iPjGs5Cg=="],

    "materialize-css": ["materialize-css@1.0.0", "", {}, "sha512-4/oecXl8y/1i8RDZvyvwAICyqwNoKU4or5uf8uoAd74k76KzZ0Llym4zhJ5lLNUskcqjO0AuMcvNyDkpz8Z6zw=="],
  }
}
